
Microsoft Visual Studio Solution File, Format Version 12.00
# Visual Studio Version 17
VisualStudioVersion = 17.4.33205.214
MinimumVisualStudioVersion = 10.0.40219.1
Project("{FAE04EC0-301F-11D3-BF4B-00C04F79EFBC}") = "cs_lab12", "cs_lab12.csproj", "{ECF317FE-4B4E-4511-916A-FD24723F3A75}"
EndProject
Global
	GlobalSection(SolutionConfigurationPlatforms) = preSolution
		Debug|Any CPU = Debug|Any CPU
		Release|Any CPU = Release|Any CPU
	EndGlobalSection
	GlobalSection(ProjectConfigurationPlatforms) = postSolution
		{ECF317FE-4B4E-4511-916A-FD24723F3A75}.Debug|Any CPU.ActiveCfg = Debug|Any CPU
		{ECF317FE-4B4E-4511-916A-FD24723F3A75}.Debug|Any CPU.Build.0 = Debug|Any CPU
		{ECF317FE-4B4E-4511-916A-FD24723F3A75}.Release|Any CPU.ActiveCfg = Release|Any CPU
		{ECF317FE-4B4E-4511-916A-FD24723F3A75}.Release|Any CPU.Build.0 = Release|Any CPU
	EndGlobalSection
	GlobalSection(SolutionProperties) = preSolution
		HideSolutionNode = FALSE
	EndGlobalSection
	GlobalSection(ExtensibilityGlobals) = postSolution
		SolutionGuid = {A282DA7B-06CF-4870-A450-A4053E1B5464}
	EndGlobalSection
EndGlobal
